// !$*UTF8*$!
{
	archiveVersion = 1;
	classes = {
	};
	objectVersion = 56;
	objects = {

/* Begin PBXBuildFile section */
		360087CD29379D9600CBD8CE /* CardModelList.swift in Sources */ = {isa = PBXBuildFile; fileRef = 360087CC29379D9600CBD8CE /* CardModelList.swift */; };
		36FCB4812937774600C9BA05 /* CardView.swift in Sources */ = {isa = PBXBuildFile; fileRef = 36FCB4802937774600C9BA05 /* CardView.swift */; };
		36FCB4832937776400C9BA05 /* CardViewController.swift in Sources */ = {isa = PBXBuildFile; fileRef = 36FCB4822937776400C9BA05 /* CardViewController.swift */; };
		36FCB48529377A4400C9BA05 /* CardModel.swift in Sources */ = {isa = PBXBuildFile; fileRef = 36FCB48429377A4400C9BA05 /* CardModel.swift */; };
		36FCB4872937822800C9BA05 /* CardPlacerView.swift in Sources */ = {isa = PBXBuildFile; fileRef = 36FCB4862937822800C9BA05 /* CardPlacerView.swift */; };
		B99355AB293654CA00AE1038 /* quiz_data.json in Sources */ = {isa = PBXBuildFile; fileRef = B99355A9293654CA00AE1038 /* quiz_data.json */; };
		B99355AC293654CA00AE1038 /* card_data.json in Sources */ = {isa = PBXBuildFile; fileRef = B99355AA293654CA00AE1038 /* card_data.json */; };
		B99355AD2936551100AE1038 /* JsonManager.swift in Sources */ = {isa = PBXBuildFile; fileRef = B99355A8293654B800AE1038 /* JsonManager.swift */; };
		B99355AF29366A3F00AE1038 /* Question.swift in Sources */ = {isa = PBXBuildFile; fileRef = B99355AE29366A3F00AE1038 /* Question.swift */; };
		B99355B129366A4D00AE1038 /* Quiz.swift in Sources */ = {isa = PBXBuildFile; fileRef = B99355B029366A4D00AE1038 /* Quiz.swift */; };
		B99355B229368F8E00AE1038 /* quiz_data.json in Resources */ = {isa = PBXBuildFile; fileRef = B99355A9293654CA00AE1038 /* quiz_data.json */; };
		B99355B329368F9300AE1038 /* card_data.json in Resources */ = {isa = PBXBuildFile; fileRef = B99355AA293654CA00AE1038 /* card_data.json */; };
		B99355B72936930300AE1038 /* QuizList.swift in Sources */ = {isa = PBXBuildFile; fileRef = B99355B62936930300AE1038 /* QuizList.swift */; };
		B99355BA2936958D00AE1038 /* LoadJsonTests.swift in Sources */ = {isa = PBXBuildFile; fileRef = B99355B92936958D00AE1038 /* LoadJsonTests.swift */; };
		B99355BF2936987C00AE1038 /* quiz_mock.json in Resources */ = {isa = PBXBuildFile; fileRef = B99355BE2936987C00AE1038 /* quiz_mock.json */; };
		B99355C529377B1000AE1038 /* MainQuizController.swift in Sources */ = {isa = PBXBuildFile; fileRef = B99355C429377B1000AE1038 /* MainQuizController.swift */; };
		B99355C729377BBA00AE1038 /* QuizView.swift in Sources */ = {isa = PBXBuildFile; fileRef = B99355C629377BBA00AE1038 /* QuizView.swift */; };
		B9FE45F1293782B700C6FCAB /* QuizButton.swift in Sources */ = {isa = PBXBuildFile; fileRef = B9FE45F0293782B700C6FCAB /* QuizButton.swift */; };
		B9FE45F32938D3F400C6FCAB /* QuizAlerts.swift in Sources */ = {isa = PBXBuildFile; fileRef = B9FE45F22938D3F400C6FCAB /* QuizAlerts.swift */; };
		FC4DA434292BA095007BFE08 /* AppDelegate.swift in Sources */ = {isa = PBXBuildFile; fileRef = FC4DA433292BA095007BFE08 /* AppDelegate.swift */; };
		FC4DA436292BA095007BFE08 /* SceneDelegate.swift in Sources */ = {isa = PBXBuildFile; fileRef = FC4DA435292BA095007BFE08 /* SceneDelegate.swift */; };
		FC4DA438292BA095007BFE08 /* MainCardsView.swift in Sources */ = {isa = PBXBuildFile; fileRef = FC4DA437292BA095007BFE08 /* MainCardsView.swift */; };
		FC4DA43D292BA097007BFE08 /* Assets.xcassets in Resources */ = {isa = PBXBuildFile; fileRef = FC4DA43C292BA097007BFE08 /* Assets.xcassets */; };
		FC88ED3D293627A000B87685 /* Util.swift in Sources */ = {isa = PBXBuildFile; fileRef = FC88ED3C293627A000B87685 /* Util.swift */; };
		FC88ED3F293627E200B87685 /* ViewCodeConfiguration.swift in Sources */ = {isa = PBXBuildFile; fileRef = FC88ED3E293627E200B87685 /* ViewCodeConfiguration.swift */; };
		FC88ED4A2936326100B87685 /* MainCardsController.swift in Sources */ = {isa = PBXBuildFile; fileRef = FC88ED492936326100B87685 /* MainCardsController.swift */; };
		FC88ED4C2936343F00B87685 /* CollectionViewCell.swift in Sources */ = {isa = PBXBuildFile; fileRef = FC88ED4B2936343F00B87685 /* CollectionViewCell.swift */; };
/* End PBXBuildFile section */

/* Begin PBXContainerItemProxy section */
		FC4DA447292BA097007BFE08 /* PBXContainerItemProxy */ = {
			isa = PBXContainerItemProxy;
			containerPortal = FC4DA428292BA095007BFE08 /* Project object */;
			proxyType = 1;
			remoteGlobalIDString = FC4DA42F292BA095007BFE08;
			remoteInfo = MakeItGreat;
		};
/* End PBXContainerItemProxy section */

/* Begin PBXFileReference section */
		360087CC29379D9600CBD8CE /* CardModelList.swift */ = {isa = PBXFileReference; lastKnownFileType = sourcecode.swift; path = CardModelList.swift; sourceTree = "<group>"; };
		36FCB4802937774600C9BA05 /* CardView.swift */ = {isa = PBXFileReference; lastKnownFileType = sourcecode.swift; path = CardView.swift; sourceTree = "<group>"; };
		36FCB4822937776400C9BA05 /* CardViewController.swift */ = {isa = PBXFileReference; lastKnownFileType = sourcecode.swift; path = CardViewController.swift; sourceTree = "<group>"; };
		36FCB48429377A4400C9BA05 /* CardModel.swift */ = {isa = PBXFileReference; lastKnownFileType = sourcecode.swift; path = CardModel.swift; sourceTree = "<group>"; };
		36FCB4862937822800C9BA05 /* CardPlacerView.swift */ = {isa = PBXFileReference; lastKnownFileType = sourcecode.swift; path = CardPlacerView.swift; sourceTree = "<group>"; };
		B99355A8293654B800AE1038 /* JsonManager.swift */ = {isa = PBXFileReference; lastKnownFileType = sourcecode.swift; path = JsonManager.swift; sourceTree = "<group>"; };
		B99355A9293654CA00AE1038 /* quiz_data.json */ = {isa = PBXFileReference; lastKnownFileType = text.json; path = quiz_data.json; sourceTree = "<group>"; };
		B99355AA293654CA00AE1038 /* card_data.json */ = {isa = PBXFileReference; lastKnownFileType = text.json; path = card_data.json; sourceTree = "<group>"; };
		B99355AE29366A3F00AE1038 /* Question.swift */ = {isa = PBXFileReference; lastKnownFileType = sourcecode.swift; path = Question.swift; sourceTree = "<group>"; };
		B99355B029366A4D00AE1038 /* Quiz.swift */ = {isa = PBXFileReference; lastKnownFileType = sourcecode.swift; path = Quiz.swift; sourceTree = "<group>"; };
		B99355B62936930300AE1038 /* QuizList.swift */ = {isa = PBXFileReference; lastKnownFileType = sourcecode.swift; path = QuizList.swift; sourceTree = "<group>"; };
		B99355B92936958D00AE1038 /* LoadJsonTests.swift */ = {isa = PBXFileReference; lastKnownFileType = sourcecode.swift; path = LoadJsonTests.swift; sourceTree = "<group>"; };
		B99355BE2936987C00AE1038 /* quiz_mock.json */ = {isa = PBXFileReference; lastKnownFileType = text.json; path = quiz_mock.json; sourceTree = "<group>"; };
		B99355C429377B1000AE1038 /* MainQuizController.swift */ = {isa = PBXFileReference; lastKnownFileType = sourcecode.swift; path = MainQuizController.swift; sourceTree = "<group>"; };
		B99355C629377BBA00AE1038 /* QuizView.swift */ = {isa = PBXFileReference; lastKnownFileType = sourcecode.swift; path = QuizView.swift; sourceTree = "<group>"; };
		B9FE45F0293782B700C6FCAB /* QuizButton.swift */ = {isa = PBXFileReference; lastKnownFileType = sourcecode.swift; path = QuizButton.swift; sourceTree = "<group>"; };
		B9FE45F22938D3F400C6FCAB /* QuizAlerts.swift */ = {isa = PBXFileReference; lastKnownFileType = sourcecode.swift; path = QuizAlerts.swift; sourceTree = "<group>"; };
		FC4DA430292BA095007BFE08 /* MakeItGreat.app */ = {isa = PBXFileReference; explicitFileType = wrapper.application; includeInIndex = 0; path = MakeItGreat.app; sourceTree = BUILT_PRODUCTS_DIR; };
		FC4DA433292BA095007BFE08 /* AppDelegate.swift */ = {isa = PBXFileReference; lastKnownFileType = sourcecode.swift; path = AppDelegate.swift; sourceTree = "<group>"; };
		FC4DA435292BA095007BFE08 /* SceneDelegate.swift */ = {isa = PBXFileReference; lastKnownFileType = sourcecode.swift; path = SceneDelegate.swift; sourceTree = "<group>"; };
		FC4DA437292BA095007BFE08 /* MainCardsView.swift */ = {isa = PBXFileReference; lastKnownFileType = sourcecode.swift; path = MainCardsView.swift; sourceTree = "<group>"; };
		FC4DA43C292BA097007BFE08 /* Assets.xcassets */ = {isa = PBXFileReference; lastKnownFileType = folder.assetcatalog; path = Assets.xcassets; sourceTree = "<group>"; };
		FC4DA441292BA097007BFE08 /* Info.plist */ = {isa = PBXFileReference; lastKnownFileType = text.plist.xml; path = Info.plist; sourceTree = "<group>"; };
		FC4DA446292BA097007BFE08 /* MakeItGreatTests.xctest */ = {isa = PBXFileReference; explicitFileType = wrapper.cfbundle; includeInIndex = 0; path = MakeItGreatTests.xctest; sourceTree = BUILT_PRODUCTS_DIR; };
		FC88ED3C293627A000B87685 /* Util.swift */ = {isa = PBXFileReference; lastKnownFileType = sourcecode.swift; path = Util.swift; sourceTree = "<group>"; };
		FC88ED3E293627E200B87685 /* ViewCodeConfiguration.swift */ = {isa = PBXFileReference; lastKnownFileType = sourcecode.swift; path = ViewCodeConfiguration.swift; sourceTree = "<group>"; };
		FC88ED492936326100B87685 /* MainCardsController.swift */ = {isa = PBXFileReference; lastKnownFileType = sourcecode.swift; path = MainCardsController.swift; sourceTree = "<group>"; };
		FC88ED4B2936343F00B87685 /* CollectionViewCell.swift */ = {isa = PBXFileReference; lastKnownFileType = sourcecode.swift; path = CollectionViewCell.swift; sourceTree = "<group>"; };
/* End PBXFileReference section */

/* Begin PBXFrameworksBuildPhase section */
		FC4DA42D292BA095007BFE08 /* Frameworks */ = {
			isa = PBXFrameworksBuildPhase;
			buildActionMask = 2147483647;
			files = (
			);
			runOnlyForDeploymentPostprocessing = 0;
		};
		FC4DA443292BA097007BFE08 /* Frameworks */ = {
			isa = PBXFrameworksBuildPhase;
			buildActionMask = 2147483647;
			files = (
			);
			runOnlyForDeploymentPostprocessing = 0;
		};
/* End PBXFrameworksBuildPhase section */

/* Begin PBXGroup section */
		B99355A7293654B800AE1038 /* Service */ = {
			isa = PBXGroup;
			children = (
				B99355A8293654B800AE1038 /* JsonManager.swift */,
			);
			path = Service;
			sourceTree = "<group>";
		};
		B99355B82936957B00AE1038 /* ServiceTests */ = {
			isa = PBXGroup;
			children = (
				B99355BB293697F400AE1038 /* Mocks */,
				B99355B92936958D00AE1038 /* LoadJsonTests.swift */,
			);
			path = ServiceTests;
			sourceTree = "<group>";
		};
		B99355BB293697F400AE1038 /* Mocks */ = {
			isa = PBXGroup;
			children = (
				B99355BE2936987C00AE1038 /* quiz_mock.json */,
			);
			path = Mocks;
			sourceTree = "<group>";
		};
		FC4DA427292BA095007BFE08 = {
			isa = PBXGroup;
			children = (
				FC4DA432292BA095007BFE08 /* MakeItGreat */,
				FC4DA449292BA097007BFE08 /* MakeItGreatTests */,
				FC4DA431292BA095007BFE08 /* Products */,
			);
			sourceTree = "<group>";
		};
		FC4DA431292BA095007BFE08 /* Products */ = {
			isa = PBXGroup;
			children = (
				FC4DA430292BA095007BFE08 /* MakeItGreat.app */,
				FC4DA446292BA097007BFE08 /* MakeItGreatTests.xctest */,
			);
			name = Products;
			sourceTree = "<group>";
		};
		FC4DA432292BA095007BFE08 /* MakeItGreat */ = {
			isa = PBXGroup;
			children = (
				B99355A7293654B800AE1038 /* Service */,
				FC88ED4829362B2200B87685 /* Delegate */,
				FC88ED442936296D00B87685 /* Json */,
				FC88ED3B2936273700B87685 /* Utils */,
				FC88ED3A2936270D00B87685 /* Protocol */,
				FC88ED392936270000B87685 /* View */,
				FC88ED37293626D100B87685 /* ViewController */,
				FC88ED36293626C700B87685 /* Model */,
				FC4DA43C292BA097007BFE08 /* Assets.xcassets */,
				FC4DA441292BA097007BFE08 /* Info.plist */,
			);
			path = MakeItGreat;
			sourceTree = "<group>";
		};
		FC4DA449292BA097007BFE08 /* MakeItGreatTests */ = {
			isa = PBXGroup;
			children = (
				B99355B82936957B00AE1038 /* ServiceTests */,
			);
			path = MakeItGreatTests;
			sourceTree = "<group>";
		};
		FC88ED36293626C700B87685 /* Model */ = {
			isa = PBXGroup;
			children = (
				B99355AE29366A3F00AE1038 /* Question.swift */,
				B99355B029366A4D00AE1038 /* Quiz.swift */,
				B99355B62936930300AE1038 /* QuizList.swift */,
				36FCB48429377A4400C9BA05 /* CardModel.swift */,
				360087CC29379D9600CBD8CE /* CardModelList.swift */,
			);
			path = Model;
			sourceTree = "<group>";
		};
		FC88ED37293626D100B87685 /* ViewController */ = {
			isa = PBXGroup;
			children = (
				FC88ED492936326100B87685 /* MainCardsController.swift */,
				36FCB4822937776400C9BA05 /* CardViewController.swift */,
				B99355C429377B1000AE1038 /* MainQuizController.swift */,
			);
			path = ViewController;
			sourceTree = "<group>";
		};
		FC88ED392936270000B87685 /* View */ = {
			isa = PBXGroup;
			children = (
				FC4DA437292BA095007BFE08 /* MainCardsView.swift */,
				B99355C629377BBA00AE1038 /* QuizView.swift */,
				B9FE45F0293782B700C6FCAB /* QuizButton.swift */,
				36FCB4802937774600C9BA05 /* CardView.swift */,
				36FCB4862937822800C9BA05 /* CardPlacerView.swift */,
				FC88ED4B2936343F00B87685 /* CollectionViewCell.swift */,
			);
			path = View;
			sourceTree = "<group>";
		};
		FC88ED3A2936270D00B87685 /* Protocol */ = {
			isa = PBXGroup;
			children = (
				FC88ED3E293627E200B87685 /* ViewCodeConfiguration.swift */,
			);
			path = Protocol;
			sourceTree = "<group>";
		};
		FC88ED3B2936273700B87685 /* Utils */ = {
			isa = PBXGroup;
			children = (
				FC88ED3C293627A000B87685 /* Util.swift */,
				B9FE45F22938D3F400C6FCAB /* QuizAlerts.swift */,
			);
			path = Utils;
			sourceTree = "<group>";
		};
		FC88ED442936296D00B87685 /* Json */ = {
			isa = PBXGroup;
			children = (
				B99355A9293654CA00AE1038 /* quiz_data.json */,
				B99355AA293654CA00AE1038 /* card_data.json */,
			);
			path = Json;
			sourceTree = "<group>";
		};
		FC88ED4829362B2200B87685 /* Delegate */ = {
			isa = PBXGroup;
			children = (
				FC4DA435292BA095007BFE08 /* SceneDelegate.swift */,
				FC4DA433292BA095007BFE08 /* AppDelegate.swift */,
			);
			path = Delegate;
			sourceTree = "<group>";
		};
/* End PBXGroup section */

/* Begin PBXNativeTarget section */
		FC4DA42F292BA095007BFE08 /* MakeItGreat */ = {
			isa = PBXNativeTarget;
			buildConfigurationList = FC4DA45A292BA097007BFE08 /* Build configuration list for PBXNativeTarget "MakeItGreat" */;
			buildPhases = (
				FC4DA42C292BA095007BFE08 /* Sources */,
				FC4DA42D292BA095007BFE08 /* Frameworks */,
				FC4DA42E292BA095007BFE08 /* Resources */,
				FC4DA463292BA239007BFE08 /* ShellScript */,
			);
			buildRules = (
			);
			dependencies = (
			);
			name = MakeItGreat;
			productName = MakeItGreat;
			productReference = FC4DA430292BA095007BFE08 /* MakeItGreat.app */;
			productType = "com.apple.product-type.application";
		};
		FC4DA445292BA097007BFE08 /* MakeItGreatTests */ = {
			isa = PBXNativeTarget;
			buildConfigurationList = FC4DA45D292BA097007BFE08 /* Build configuration list for PBXNativeTarget "MakeItGreatTests" */;
			buildPhases = (
				FC4DA442292BA097007BFE08 /* Sources */,
				FC4DA443292BA097007BFE08 /* Frameworks */,
				FC4DA444292BA097007BFE08 /* Resources */,
			);
			buildRules = (
			);
			dependencies = (
				FC4DA448292BA097007BFE08 /* PBXTargetDependency */,
			);
			name = MakeItGreatTests;
			productName = MakeItGreatTests;
			productReference = FC4DA446292BA097007BFE08 /* MakeItGreatTests.xctest */;
			productType = "com.apple.product-type.bundle.unit-test";
		};
/* End PBXNativeTarget section */

/* Begin PBXProject section */
		FC4DA428292BA095007BFE08 /* Project object */ = {
			isa = PBXProject;
			attributes = {
				BuildIndependentTargetsInParallel = 1;
				LastSwiftUpdateCheck = 1410;
				LastUpgradeCheck = 1410;
				TargetAttributes = {
					FC4DA42F292BA095007BFE08 = {
						CreatedOnToolsVersion = 14.1;
					};
					FC4DA445292BA097007BFE08 = {
						CreatedOnToolsVersion = 14.1;
						TestTargetID = FC4DA42F292BA095007BFE08;
					};
				};
			};
			buildConfigurationList = FC4DA42B292BA095007BFE08 /* Build configuration list for PBXProject "MakeItGreat" */;
			compatibilityVersion = "Xcode 14.0";
			developmentRegion = en;
			hasScannedForEncodings = 0;
			knownRegions = (
				en,
				Base,
			);
			mainGroup = FC4DA427292BA095007BFE08;
			productRefGroup = FC4DA431292BA095007BFE08 /* Products */;
			projectDirPath = "";
			projectRoot = "";
			targets = (
				FC4DA42F292BA095007BFE08 /* MakeItGreat */,
				FC4DA445292BA097007BFE08 /* MakeItGreatTests */,
			);
		};
/* End PBXProject section */

/* Begin PBXResourcesBuildPhase section */
		FC4DA42E292BA095007BFE08 /* Resources */ = {
			isa = PBXResourcesBuildPhase;
			buildActionMask = 2147483647;
			files = (
				B99355B329368F9300AE1038 /* card_data.json in Resources */,
				B99355B229368F8E00AE1038 /* quiz_data.json in Resources */,
				FC4DA43D292BA097007BFE08 /* Assets.xcassets in Resources */,
			);
			runOnlyForDeploymentPostprocessing = 0;
		};
		FC4DA444292BA097007BFE08 /* Resources */ = {
			isa = PBXResourcesBuildPhase;
			buildActionMask = 2147483647;
			files = (
				B99355BF2936987C00AE1038 /* quiz_mock.json in Resources */,
			);
			runOnlyForDeploymentPostprocessing = 0;
		};
/* End PBXResourcesBuildPhase section */

/* Begin PBXShellScriptBuildPhase section */
		FC4DA463292BA239007BFE08 /* ShellScript */ = {
			isa = PBXShellScriptBuildPhase;
			buildActionMask = 2147483647;
			files = (
			);
			inputFileListPaths = (
			);
			inputPaths = (
			);
			outputFileListPaths = (
			);
			outputPaths = (
			);
			runOnlyForDeploymentPostprocessing = 0;
			shellPath = /bin/sh;
			shellScript = "#export PATH=\"$PATH:/opt/homebrew/bin\"\n#if which swiftlint > /dev/null; then\n#  swiftlint\n#else\n#  echo \"warning: SwiftLint not installed, download from https://github.com/realm/SwiftLint\"\n#fi\n";
		};
/* End PBXShellScriptBuildPhase section */

/* Begin PBXSourcesBuildPhase section */
		FC4DA42C292BA095007BFE08 /* Sources */ = {
			isa = PBXSourcesBuildPhase;
			buildActionMask = 2147483647;
			files = (
				B9FE45F1293782B700C6FCAB /* QuizButton.swift in Sources */,
				B99355AF29366A3F00AE1038 /* Question.swift in Sources */,
				B99355AD2936551100AE1038 /* JsonManager.swift in Sources */,
				B99355AB293654CA00AE1038 /* quiz_data.json in Sources */,
				B99355AC293654CA00AE1038 /* card_data.json in Sources */,
				FC88ED3F293627E200B87685 /* ViewCodeConfiguration.swift in Sources */,
				36FCB48529377A4400C9BA05 /* CardModel.swift in Sources */,
				FC4DA438292BA095007BFE08 /* MainCardsView.swift in Sources */,
				B99355C729377BBA00AE1038 /* QuizView.swift in Sources */,
				B9FE45F32938D3F400C6FCAB /* QuizAlerts.swift in Sources */,
				36FCB4872937822800C9BA05 /* CardPlacerView.swift in Sources */,
				FC88ED4C2936343F00B87685 /* CollectionViewCell.swift in Sources */,
				FC88ED4A2936326100B87685 /* MainCardsController.swift in Sources */,
				36FCB4812937774600C9BA05 /* CardView.swift in Sources */,
				FC4DA434292BA095007BFE08 /* AppDelegate.swift in Sources */,
				B99355B129366A4D00AE1038 /* Quiz.swift in Sources */,
				B99355B72936930300AE1038 /* QuizList.swift in Sources */,
				FC4DA436292BA095007BFE08 /* SceneDelegate.swift in Sources */,
				360087CD29379D9600CBD8CE /* CardModelList.swift in Sources */,
				36FCB4832937776400C9BA05 /* CardViewController.swift in Sources */,
				B99355C529377B1000AE1038 /* MainQuizController.swift in Sources */,
				FC88ED3D293627A000B87685 /* Util.swift in Sources */,
			);
			runOnlyForDeploymentPostprocessing = 0;
		};
		FC4DA442292BA097007BFE08 /* Sources */ = {
			isa = PBXSourcesBuildPhase;
			buildActionMask = 2147483647;
			files = (
				B99355BA2936958D00AE1038 /* LoadJsonTests.swift in Sources */,
			);
			runOnlyForDeploymentPostprocessing = 0;
		};
/* End PBXSourcesBuildPhase section */

/* Begin PBXTargetDependency section */
		FC4DA448292BA097007BFE08 /* PBXTargetDependency */ = {
			isa = PBXTargetDependency;
			target = FC4DA42F292BA095007BFE08 /* MakeItGreat */;
			targetProxy = FC4DA447292BA097007BFE08 /* PBXContainerItemProxy */;
		};
/* End PBXTargetDependency section */

/* Begin XCBuildConfiguration section */
		FC4DA458292BA097007BFE08 /* Debug */ = {
			isa = XCBuildConfiguration;
			buildSettings = {
				ALWAYS_SEARCH_USER_PATHS = NO;
				CLANG_ANALYZER_NONNULL = YES;
				CLANG_ANALYZER_NUMBER_OBJECT_CONVERSION = YES_AGGRESSIVE;
				CLANG_CXX_LANGUAGE_STANDARD = "gnu++20";
				CLANG_ENABLE_MODULES = YES;
				CLANG_ENABLE_OBJC_ARC = YES;
				CLANG_ENABLE_OBJC_WEAK = YES;
				CLANG_WARN_BLOCK_CAPTURE_AUTORELEASING = YES;
				CLANG_WARN_BOOL_CONVERSION = YES;
				CLANG_WARN_COMMA = YES;
				CLANG_WARN_CONSTANT_CONVERSION = YES;
				CLANG_WARN_DEPRECATED_OBJC_IMPLEMENTATIONS = YES;
				CLANG_WARN_DIRECT_OBJC_ISA_USAGE = YES_ERROR;
				CLANG_WARN_DOCUMENTATION_COMMENTS = YES;
				CLANG_WARN_EMPTY_BODY = YES;
				CLANG_WARN_ENUM_CONVERSION = YES;
				CLANG_WARN_INFINITE_RECURSION = YES;
				CLANG_WARN_INT_CONVERSION = YES;
				CLANG_WARN_NON_LITERAL_NULL_CONVERSION = YES;
				CLANG_WARN_OBJC_IMPLICIT_RETAIN_SELF = YES;
				CLANG_WARN_OBJC_LITERAL_CONVERSION = YES;
				CLANG_WARN_OBJC_ROOT_CLASS = YES_ERROR;
				CLANG_WARN_QUOTED_INCLUDE_IN_FRAMEWORK_HEADER = YES;
				CLANG_WARN_RANGE_LOOP_ANALYSIS = YES;
				CLANG_WARN_STRICT_PROTOTYPES = YES;
				CLANG_WARN_SUSPICIOUS_MOVE = YES;
				CLANG_WARN_UNGUARDED_AVAILABILITY = YES_AGGRESSIVE;
				CLANG_WARN_UNREACHABLE_CODE = YES;
				CLANG_WARN__DUPLICATE_METHOD_MATCH = YES;
				COPY_PHASE_STRIP = NO;
				DEBUG_INFORMATION_FORMAT = dwarf;
				ENABLE_STRICT_OBJC_MSGSEND = YES;
				ENABLE_TESTABILITY = YES;
				GCC_C_LANGUAGE_STANDARD = gnu11;
				GCC_DYNAMIC_NO_PIC = NO;
				GCC_NO_COMMON_BLOCKS = YES;
				GCC_OPTIMIZATION_LEVEL = 0;
				GCC_PREPROCESSOR_DEFINITIONS = (
					"DEBUG=1",
					"$(inherited)",
				);
				GCC_WARN_64_TO_32_BIT_CONVERSION = YES;
				GCC_WARN_ABOUT_RETURN_TYPE = YES_ERROR;
				GCC_WARN_UNDECLARED_SELECTOR = YES;
				GCC_WARN_UNINITIALIZED_AUTOS = YES_AGGRESSIVE;
				GCC_WARN_UNUSED_FUNCTION = YES;
				GCC_WARN_UNUSED_VARIABLE = YES;
				IPHONEOS_DEPLOYMENT_TARGET = 16.1;
				MTL_ENABLE_DEBUG_INFO = INCLUDE_SOURCE;
				MTL_FAST_MATH = YES;
				ONLY_ACTIVE_ARCH = YES;
				SDKROOT = iphoneos;
				SWIFT_ACTIVE_COMPILATION_CONDITIONS = DEBUG;
				SWIFT_OPTIMIZATION_LEVEL = "-Onone";
			};
			name = Debug;
		};
		FC4DA459292BA097007BFE08 /* Release */ = {
			isa = XCBuildConfiguration;
			buildSettings = {
				ALWAYS_SEARCH_USER_PATHS = NO;
				CLANG_ANALYZER_NONNULL = YES;
				CLANG_ANALYZER_NUMBER_OBJECT_CONVERSION = YES_AGGRESSIVE;
				CLANG_CXX_LANGUAGE_STANDARD = "gnu++20";
				CLANG_ENABLE_MODULES = YES;
				CLANG_ENABLE_OBJC_ARC = YES;
				CLANG_ENABLE_OBJC_WEAK = YES;
				CLANG_WARN_BLOCK_CAPTURE_AUTORELEASING = YES;
				CLANG_WARN_BOOL_CONVERSION = YES;
				CLANG_WARN_COMMA = YES;
				CLANG_WARN_CONSTANT_CONVERSION = YES;
				CLANG_WARN_DEPRECATED_OBJC_IMPLEMENTATIONS = YES;
				CLANG_WARN_DIRECT_OBJC_ISA_USAGE = YES_ERROR;
				CLANG_WARN_DOCUMENTATION_COMMENTS = YES;
				CLANG_WARN_EMPTY_BODY = YES;
				CLANG_WARN_ENUM_CONVERSION = YES;
				CLANG_WARN_INFINITE_RECURSION = YES;
				CLANG_WARN_INT_CONVERSION = YES;
				CLANG_WARN_NON_LITERAL_NULL_CONVERSION = YES;
				CLANG_WARN_OBJC_IMPLICIT_RETAIN_SELF = YES;
				CLANG_WARN_OBJC_LITERAL_CONVERSION = YES;
				CLANG_WARN_OBJC_ROOT_CLASS = YES_ERROR;
				CLANG_WARN_QUOTED_INCLUDE_IN_FRAMEWORK_HEADER = YES;
				CLANG_WARN_RANGE_LOOP_ANALYSIS = YES;
				CLANG_WARN_STRICT_PROTOTYPES = YES;
				CLANG_WARN_SUSPICIOUS_MOVE = YES;
				CLANG_WARN_UNGUARDED_AVAILABILITY = YES_AGGRESSIVE;
				CLANG_WARN_UNREACHABLE_CODE = YES;
				CLANG_WARN__DUPLICATE_METHOD_MATCH = YES;
				COPY_PHASE_STRIP = NO;
				DEBUG_INFORMATION_FORMAT = "dwarf-with-dsym";
				ENABLE_NS_ASSERTIONS = NO;
				ENABLE_STRICT_OBJC_MSGSEND = YES;
				GCC_C_LANGUAGE_STANDARD = gnu11;
				GCC_NO_COMMON_BLOCKS = YES;
				GCC_WARN_64_TO_32_BIT_CONVERSION = YES;
				GCC_WARN_ABOUT_RETURN_TYPE = YES_ERROR;
				GCC_WARN_UNDECLARED_SELECTOR = YES;
				GCC_WARN_UNINITIALIZED_AUTOS = YES_AGGRESSIVE;
				GCC_WARN_UNUSED_FUNCTION = YES;
				GCC_WARN_UNUSED_VARIABLE = YES;
				IPHONEOS_DEPLOYMENT_TARGET = 16.1;
				MTL_ENABLE_DEBUG_INFO = NO;
				MTL_FAST_MATH = YES;
				SDKROOT = iphoneos;
				SWIFT_COMPILATION_MODE = wholemodule;
				SWIFT_OPTIMIZATION_LEVEL = "-O";
				VALIDATE_PRODUCT = YES;
			};
			name = Release;
		};
		FC4DA45B292BA097007BFE08 /* Debug */ = {
			isa = XCBuildConfiguration;
			buildSettings = {
				ASSETCATALOG_COMPILER_APPICON_NAME = AppIcon;
				ASSETCATALOG_COMPILER_GLOBAL_ACCENT_COLOR_NAME = AccentColor;
				CODE_SIGN_STYLE = Automatic;
				CURRENT_PROJECT_VERSION = 1;
				DEVELOPMENT_TEAM = 949BRFMFQG;
				GENERATE_INFOPLIST_FILE = YES;
				INFOPLIST_FILE = MakeItGreat/Info.plist;
				INFOPLIST_KEY_UIApplicationSupportsIndirectInputEvents = YES;
				INFOPLIST_KEY_UILaunchStoryboardName = LaunchScreen;
				INFOPLIST_KEY_UISupportedInterfaceOrientations_iPad = "UIInterfaceOrientationPortrait UIInterfaceOrientationPortraitUpsideDown UIInterfaceOrientationLandscapeLeft UIInterfaceOrientationLandscapeRight";
				INFOPLIST_KEY_UISupportedInterfaceOrientations_iPhone = "UIInterfaceOrientationPortrait UIInterfaceOrientationLandscapeLeft UIInterfaceOrientationLandscapeRight";
				IPHONEOS_DEPLOYMENT_TARGET = 16.0;
				LD_RUNPATH_SEARCH_PATHS = (
					"$(inherited)",
					"@executable_path/Frameworks",
				);
				MARKETING_VERSION = 1.0;
				PRODUCT_BUNDLE_IDENTIFIER = com.lucasbrbs.MakeItGreat;
				PRODUCT_NAME = "$(TARGET_NAME)";
				SWIFT_EMIT_LOC_STRINGS = YES;
				SWIFT_VERSION = 5.0;
				TARGETED_DEVICE_FAMILY = "1,2";
			};
			name = Debug;
		};
		FC4DA45C292BA097007BFE08 /* Release */ = {
			isa = XCBuildConfiguration;
			buildSettings = {
				ASSETCATALOG_COMPILER_APPICON_NAME = AppIcon;
				ASSETCATALOG_COMPILER_GLOBAL_ACCENT_COLOR_NAME = AccentColor;
				CODE_SIGN_STYLE = Automatic;
				CURRENT_PROJECT_VERSION = 1;
				DEVELOPMENT_TEAM = 949BRFMFQG;
				GENERATE_INFOPLIST_FILE = YES;
				INFOPLIST_FILE = MakeItGreat/Info.plist;
				INFOPLIST_KEY_UIApplicationSupportsIndirectInputEvents = YES;
				INFOPLIST_KEY_UILaunchStoryboardName = LaunchScreen;
				INFOPLIST_KEY_UISupportedInterfaceOrientations_iPad = "UIInterfaceOrientationPortrait UIInterfaceOrientationPortraitUpsideDown UIInterfaceOrientationLandscapeLeft UIInterfaceOrientationLandscapeRight";
				INFOPLIST_KEY_UISupportedInterfaceOrientations_iPhone = "UIInterfaceOrientationPortrait UIInterfaceOrientationLandscapeLeft UIInterfaceOrientationLandscapeRight";
				IPHONEOS_DEPLOYMENT_TARGET = 16.0;
				LD_RUNPATH_SEARCH_PATHS = (
					"$(inherited)",
					"@executable_path/Frameworks",
				);
				MARKETING_VERSION = 1.0;
				PRODUCT_BUNDLE_IDENTIFIER = com.lucasbrbs.MakeItGreat;
				PRODUCT_NAME = "$(TARGET_NAME)";
				SWIFT_EMIT_LOC_STRINGS = YES;
				SWIFT_VERSION = 5.0;
				TARGETED_DEVICE_FAMILY = "1,2";
			};
			name = Release;
		};
		FC4DA45E292BA097007BFE08 /* Debug */ = {
			isa = XCBuildConfiguration;
			buildSettings = {
				ALWAYS_EMBED_SWIFT_STANDARD_LIBRARIES = YES;
				BUNDLE_LOADER = "$(TEST_HOST)";
				CODE_SIGN_STYLE = Automatic;
				CURRENT_PROJECT_VERSION = 1;
				DEVELOPMENT_TEAM = 949BRFMFQG;
				GENERATE_INFOPLIST_FILE = YES;
				IPHONEOS_DEPLOYMENT_TARGET = 16.0;
				MARKETING_VERSION = 1.0;
				PRODUCT_BUNDLE_IDENTIFIER = com.lucasbrbs.MakeItGreatTests;
				PRODUCT_NAME = "$(TARGET_NAME)";
				SWIFT_EMIT_LOC_STRINGS = NO;
				SWIFT_VERSION = 5.0;
				TARGETED_DEVICE_FAMILY = "1,2";
				TEST_HOST = "$(BUILT_PRODUCTS_DIR)/MakeItGreat.app/$(BUNDLE_EXECUTABLE_FOLDER_PATH)/MakeItGreat";
			};
			name = Debug;
		};
		FC4DA45F292BA097007BFE08 /* Release */ = {
			isa = XCBuildConfiguration;
			buildSettings = {
				ALWAYS_EMBED_SWIFT_STANDARD_LIBRARIES = YES;
				BUNDLE_LOADER = "$(TEST_HOST)";
				CODE_SIGN_STYLE = Automatic;
				CURRENT_PROJECT_VERSION = 1;
				DEVELOPMENT_TEAM = 949BRFMFQG;
				GENERATE_INFOPLIST_FILE = YES;
				IPHONEOS_DEPLOYMENT_TARGET = 16.0;
				MARKETING_VERSION = 1.0;
				PRODUCT_BUNDLE_IDENTIFIER = com.lucasbrbs.MakeItGreatTests;
				PRODUCT_NAME = "$(TARGET_NAME)";
				SWIFT_EMIT_LOC_STRINGS = NO;
				SWIFT_VERSION = 5.0;
				TARGETED_DEVICE_FAMILY = "1,2";
				TEST_HOST = "$(BUILT_PRODUCTS_DIR)/MakeItGreat.app/$(BUNDLE_EXECUTABLE_FOLDER_PATH)/MakeItGreat";
			};
			name = Release;
		};
/* End XCBuildConfiguration section */

/* Begin XCConfigurationList section */
		FC4DA42B292BA095007BFE08 /* Build configuration list for PBXProject "MakeItGreat" */ = {
			isa = XCConfigurationList;
			buildConfigurations = (
				FC4DA458292BA097007BFE08 /* Debug */,
				FC4DA459292BA097007BFE08 /* Release */,
			);
			defaultConfigurationIsVisible = 0;
			defaultConfigurationName = Release;
		};
		FC4DA45A292BA097007BFE08 /* Build configuration list for PBXNativeTarget "MakeItGreat" */ = {
			isa = XCConfigurationList;
			buildConfigurations = (
				FC4DA45B292BA097007BFE08 /* Debug */,
				FC4DA45C292BA097007BFE08 /* Release */,
			);
			defaultConfigurationIsVisible = 0;
			defaultConfigurationName = Release;
		};
		FC4DA45D292BA097007BFE08 /* Build configuration list for PBXNativeTarget "MakeItGreatTests" */ = {
			isa = XCConfigurationList;
			buildConfigurations = (
				FC4DA45E292BA097007BFE08 /* Debug */,
				FC4DA45F292BA097007BFE08 /* Release */,
			);
			defaultConfigurationIsVisible = 0;
			defaultConfigurationName = Release;
		};
/* End XCConfigurationList section */
	};
	rootObject = FC4DA428292BA095007BFE08 /* Project object */;
}
